// !$*UTF8*$!
{
	archiveVersion = 1;
	classes = {
	};
	objectVersion = 50;
	objects = {

/* Begin PBXBuildFile section */
		3283545B26AE833F005214EF /* AppDelegate.swift in Sources */ = {isa = PBXBuildFile; fileRef = 3283545A26AE833F005214EF /* AppDelegate.swift */; };
		3283545D26AE833F005214EF /* SceneDelegate.swift in Sources */ = {isa = PBXBuildFile; fileRef = 3283545C26AE833F005214EF /* SceneDelegate.swift */; };
		3283545F26AE833F005214EF /* ViewController.swift in Sources */ = {isa = PBXBuildFile; fileRef = 3283545E26AE833F005214EF /* ViewController.swift */; };
		3283546226AE833F005214EF /* Main.storyboard in Resources */ = {isa = PBXBuildFile; fileRef = 3283546026AE833F005214EF /* Main.storyboard */; };
		3283546426AE834A005214EF /* Assets.xcassets in Resources */ = {isa = PBXBuildFile; fileRef = 3283546326AE834A005214EF /* Assets.xcassets */; };
		3283546726AE834A005214EF /* LaunchScreen.storyboard in Resources */ = {isa = PBXBuildFile; fileRef = 3283546526AE834A005214EF /* LaunchScreen.storyboard */; };
		4096A084CE06EB5085FEC90C /* Pods_Kanna_01.framework in Frameworks */ = {isa = PBXBuildFile; fileRef = 85173BD8181B4F7E36AB0C64 /* Pods_Kanna_01.framework */; };
/* End PBXBuildFile section */

/* Begin PBXFileReference section */
		0760E5D157B7B1BCC6B190E2 /* Pods-Kanna_01.release.xcconfig */ = {isa = PBXFileReference; includeInIndex = 1; lastKnownFileType = text.xcconfig; name = "Pods-Kanna_01.release.xcconfig"; path = "Target Support Files/Pods-Kanna_01/Pods-Kanna_01.release.xcconfig"; sourceTree = "<group>"; };
		3283545726AE833F005214EF /* Kanna_01.app */ = {isa = PBXFileReference; explicitFileType = wrapper.application; includeInIndex = 0; path = Kanna_01.app; sourceTree = BUILT_PRODUCTS_DIR; };
		3283545A26AE833F005214EF /* AppDelegate.swift */ = {isa = PBXFileReference; lastKnownFileType = sourcecode.swift; path = AppDelegate.swift; sourceTree = "<group>"; };
		3283545C26AE833F005214EF /* SceneDelegate.swift */ = {isa = PBXFileReference; lastKnownFileType = sourcecode.swift; path = SceneDelegate.swift; sourceTree = "<group>"; };
		3283545E26AE833F005214EF /* ViewController.swift */ = {isa = PBXFileReference; lastKnownFileType = sourcecode.swift; path = ViewController.swift; sourceTree = "<group>"; };
		3283546126AE833F005214EF /* Base */ = {isa = PBXFileReference; lastKnownFileType = file.storyboard; name = Base; path = Base.lproj/Main.storyboard; sourceTree = "<group>"; };
		3283546326AE834A005214EF /* Assets.xcassets */ = {isa = PBXFileReference; lastKnownFileType = folder.assetcatalog; path = Assets.xcassets; sourceTree = "<group>"; };
		3283546626AE834A005214EF /* Base */ = {isa = PBXFileReference; lastKnownFileType = file.storyboard; name = Base; path = Base.lproj/LaunchScreen.storyboard; sourceTree = "<group>"; };
		3283546826AE834A005214EF /* Info.plist */ = {isa = PBXFileReference; lastKnownFileType = text.plist.xml; path = Info.plist; sourceTree = "<group>"; };
		85173BD8181B4F7E36AB0C64 /* Pods_Kanna_01.framework */ = {isa = PBXFileReference; explicitFileType = wrapper.framework; includeInIndex = 0; path = Pods_Kanna_01.framework; sourceTree = BUILT_PRODUCTS_DIR; };
		DE367F977E84DC33FB7EB979 /* Pods-Kanna_01.debug.xcconfig */ = {isa = PBXFileReference; includeInIndex = 1; lastKnownFileType = text.xcconfig; name = "Pods-Kanna_01.debug.xcconfig"; path = "Target Support Files/Pods-Kanna_01/Pods-Kanna_01.debug.xcconfig"; sourceTree = "<group>"; };
/* End PBXFileReference section */

/* Begin PBXFrameworksBuildPhase section */
		3283545426AE833F005214EF /* Frameworks */ = {
			isa = PBXFrameworksBuildPhase;
			buildActionMask = 2147483647;
			files = (
				4096A084CE06EB5085FEC90C /* Pods_Kanna_01.framework in Frameworks */,
			);
			runOnlyForDeploymentPostprocessing = 0;
		};
/* End PBXFrameworksBuildPhase section */

/* Begin PBXGroup section */
		3283544E26AE833F005214EF = {
			isa = PBXGroup;
			children = (
				3283545926AE833F005214EF /* Kanna_01 */,
				3283545826AE833F005214EF /* Products */,
				E339C507ACC05246B20818C9 /* Pods */,
				B5A93BBFC1D69EC0DEC0EFFA /* Frameworks */,
			);
			sourceTree = "<group>";
		};
		3283545826AE833F005214EF /* Products */ = {
			isa = PBXGroup;
			children = (
				3283545726AE833F005214EF /* Kanna_01.app */,
			);
			name = Products;
			sourceTree = "<group>";
		};
		3283545926AE833F005214EF /* Kanna_01 */ = {
			isa = PBXGroup;
			children = (
				3283545A26AE833F005214EF /* AppDelegate.swift */,
				3283545C26AE833F005214EF /* SceneDelegate.swift */,
				3283545E26AE833F005214EF /* ViewController.swift */,
				3283546026AE833F005214EF /* Main.storyboard */,
				3283546326AE834A005214EF /* Assets.xcassets */,
				3283546526AE834A005214EF /* LaunchScreen.storyboard */,
				3283546826AE834A005214EF /* Info.plist */,
			);
			path = Kanna_01;
			sourceTree = "<group>";
		};
		B5A93BBFC1D69EC0DEC0EFFA /* Frameworks */ = {
			isa = PBXGroup;
			children = (
				85173BD8181B4F7E36AB0C64 /* Pods_Kanna_01.framework */,
			);
			name = Frameworks;
			sourceTree = "<group>";
		};
		E339C507ACC05246B20818C9 /* Pods */ = {
			isa = PBXGroup;
			children = (
				DE367F977E84DC33FB7EB979 /* Pods-Kanna_01.debug.xcconfig */,
				0760E5D157B7B1BCC6B190E2 /* Pods-Kanna_01.release.xcconfig */,
			);
			name = Pods;
			path = Pods;
			sourceTree = "<group>";
		};
/* End PBXGroup section */

/* Begin PBXNativeTarget section */
		3283545626AE833F005214EF /* Kanna_01 */ = {
			isa = PBXNativeTarget;
			buildConfigurationList = 3283546B26AE834A005214EF /* Build configuration list for PBXNativeTarget "Kanna_01" */;
			buildPhases = (
				6571602F99516562CAD31F56 /* [CP] Check Pods Manifest.lock */,
				3283545326AE833F005214EF /* Sources */,
				3283545426AE833F005214EF /* Frameworks */,
				3283545526AE833F005214EF /* Resources */,
				B6637116EE9E7B0E7148F90A /* [CP] Embed Pods Frameworks */,
			);
			buildRules = (
			);
			dependencies = (
			);
			name = Kanna_01;
			productName = Kanna_01;
			productReference = 3283545726AE833F005214EF /* Kanna_01.app */;
			productType = "com.apple.product-type.application";
		};
/* End PBXNativeTarget section */

/* Begin PBXProject section */
		3283544F26AE833F005214EF /* Project object */ = {
			isa = PBXProject;
			attributes = {
				LastSwiftUpdateCheck = 1240;
				LastUpgradeCheck = 1240;
				TargetAttributes = {
					3283545626AE833F005214EF = {
						CreatedOnToolsVersion = 12.4;
					};
				};
			};
			buildConfigurationList = 3283545226AE833F005214EF /* Build configuration list for PBXProject "Kanna_01" */;
			compatibilityVersion = "Xcode 9.3";
			developmentRegion = en;
			hasScannedForEncodings = 0;
			knownRegions = (
				en,
				Base,
			);
			mainGroup = 3283544E26AE833F005214EF;
			productRefGroup = 3283545826AE833F005214EF /* Products */;
			projectDirPath = "";
			projectRoot = "";
			targets = (
				3283545626AE833F005214EF /* Kanna_01 */,
			);
		};
/* End PBXProject section */

/* Begin PBXResourcesBuildPhase section */
		3283545526AE833F005214EF /* Resources */ = {
			isa = PBXResourcesBuildPhase;
			buildActionMask = 2147483647;
			files = (
				3283546726AE834A005214EF /* LaunchScreen.storyboard in Resources */,
				3283546426AE834A005214EF /* Assets.xcassets in Resources */,
				3283546226AE833F005214EF /* Main.storyboard in Resources */,
			);
			runOnlyForDeploymentPostprocessing = 0;
		};
/* End PBXResourcesBuildPhase section */

/* Begin PBXShellScriptBuildPhase section */
		6571602F99516562CAD31F56 /* [CP] Check Pods Manifest.lock */ = {
			isa = PBXShellScriptBuildPhase;
			buildActionMask = 2147483647;
			files = (
			);
			inputFileListPaths = (
			);
			inputPaths = (
				"${PODS_PODFILE_DIR_PATH}/Podfile.lock",
				"${PODS_ROOT}/Manifest.lock",
			);
			name = "[CP] Check Pods Manifest.lock";
			outputFileListPaths = (
			);
			outputPaths = (
				"$(DERIVED_FILE_DIR)/Pods-Kanna_01-checkManifestLockResult.txt",
			);
			runOnlyForDeploymentPostprocessing = 0;
			shellPath = /bin/sh;
			shellScript = "diff \"${PODS_PODFILE_DIR_PATH}/Podfile.lock\" \"${PODS_ROOT}/Manifest.lock\" > /dev/null\nif [ $? != 0 ] ; then\n    # print error to STDERR\n    echo \"error: The sandbox is not in sync with the Podfile.lock. Run 'pod install' or update your CocoaPods installation.\" >&2\n    exit 1\nfi\n# This output is used by Xcode 'outputs' to avoid re-running this script phase.\necho \"SUCCESS\" > \"${SCRIPT_OUTPUT_FILE_0}\"\n";
			showEnvVarsInLog = 0;
		};
		B6637116EE9E7B0E7148F90A /* [CP] Embed Pods Frameworks */ = {
			isa = PBXShellScriptBuildPhase;
			buildActionMask = 2147483647;
			files = (
			);
			inputFileListPaths = (
				"${PODS_ROOT}/Target Support Files/Pods-Kanna_01/Pods-Kanna_01-frameworks-${CONFIGURATION}-input-files.xcfilelist",
			);
			name = "[CP] Embed Pods Frameworks";
			outputFileListPaths = (
				"${PODS_ROOT}/Target Support Files/Pods-Kanna_01/Pods-Kanna_01-frameworks-${CONFIGURATION}-output-files.xcfilelist",
			);
			runOnlyForDeploymentPostprocessing = 0;
			shellPath = /bin/sh;
			shellScript = "\"${PODS_ROOT}/Target Support Files/Pods-Kanna_01/Pods-Kanna_01-frameworks.sh\"\n";
			showEnvVarsInLog = 0;
		};
/* End PBXShellScriptBuildPhase section */

/* Begin PBXSourcesBuildPhase section */
		3283545326AE833F005214EF /* Sources */ = {
			isa = PBXSourcesBuildPhase;
			buildActionMask = 2147483647;
			files = (
				3283545F26AE833F005214EF /* ViewController.swift in Sources */,
				3283545B26AE833F005214EF /* AppDelegate.swift in Sources */,
				3283545D26AE833F005214EF /* SceneDelegate.swift in Sources */,
			);
			runOnlyForDeploymentPostprocessing = 0;
		};
/* End PBXSourcesBuildPhase section */

/* Begin PBXVariantGroup section */
		3283546026AE833F005214EF /* Main.storyboard */ = {
			isa = PBXVariantGroup;
			children = (
				3283546126AE833F005214EF /* Base */,
			);
			name = Main.storyboard;
			sourceTree = "<group>";
		};
		3283546526AE834A005214EF /* LaunchScreen.storyboard */ = {
			isa = PBXVariantGroup;
			children = (
				3283546626AE834A005214EF /* Base */,
			);
			name = LaunchScreen.storyboard;
			sourceTree = "<group>";
		};
/* End PBXVariantGroup section */

/* Begin XCBuildConfiguration section */
		3283546926AE834A005214EF /* Debug */ = {
			isa = XCBuildConfiguration;
			buildSettings = {
				ALWAYS_SEARCH_USER_PATHS = NO;
				CLANG_ANALYZER_NONNULL = YES;
				CLANG_ANALYZER_NUMBER_OBJECT_CONVERSION = YES_AGGRESSIVE;
				CLANG_CXX_LANGUAGE_STANDARD = "gnu++14";
				CLANG_CXX_LIBRARY = "libc++";
				CLANG_ENABLE_MODULES = YES;
				CLANG_ENABLE_OBJC_ARC = YES;
				CLANG_ENABLE_OBJC_WEAK = YES;
				CLANG_WARN_BLOCK_CAPTURE_AUTORELEASING = YES;
				CLANG_WARN_BOOL_CONVERSION = YES;
				CLANG_WARN_COMMA = YES;
				CLANG_WARN_CONSTANT_CONVERSION = YES;
				CLANG_WARN_DEPRECATED_OBJC_IMPLEMENTATIONS = YES;
				CLANG_WARN_DIRECT_OBJC_ISA_USAGE = YES_ERROR;
				CLANG_WARN_DOCUMENTATION_COMMENTS = YES;
				CLANG_WARN_EMPTY_BODY = YES;
				CLANG_WARN_ENUM_CONVERSION = YES;
				CLANG_WARN_INFINITE_RECURSION = YES;
				CLANG_WARN_INT_CONVERSION = YES;
				CLANG_WARN_NON_LITERAL_NULL_CONVERSION = YES;
				CLANG_WARN_OBJC_IMPLICIT_RETAIN_SELF = YES;
				CLANG_WARN_OBJC_LITERAL_CONVERSION = YES;
				CLANG_WARN_OBJC_ROOT_CLASS = YES_ERROR;
				CLANG_WARN_QUOTED_INCLUDE_IN_FRAMEWORK_HEADER = YES;
				CLANG_WARN_RANGE_LOOP_ANALYSIS = YES;
				CLANG_WARN_STRICT_PROTOTYPES = YES;
				CLANG_WARN_SUSPICIOUS_MOVE = YES;
				CLANG_WARN_UNGUARDED_AVAILABILITY = YES_AGGRESSIVE;
				CLANG_WARN_UNREACHABLE_CODE = YES;
				CLANG_WARN__DUPLICATE_METHOD_MATCH = YES;
				COPY_PHASE_STRIP = NO;
				DEBUG_INFORMATION_FORMAT = dwarf;
				ENABLE_STRICT_OBJC_MSGSEND = YES;
				ENABLE_TESTABILITY = YES;
				GCC_C_LANGUAGE_STANDARD = gnu11;
				GCC_DYNAMIC_NO_PIC = NO;
				GCC_NO_COMMON_BLOCKS = YES;
				GCC_OPTIMIZATION_LEVEL = 0;
				GCC_PREPROCESSOR_DEFINITIONS = (
					"DEBUG=1",
					"$(inherited)",
				);
				GCC_WARN_64_TO_32_BIT_CONVERSION = YES;
				GCC_WARN_ABOUT_RETURN_TYPE = YES_ERROR;
				GCC_WARN_UNDECLARED_SELECTOR = YES;
				GCC_WARN_UNINITIALIZED_AUTOS = YES_AGGRESSIVE;
				GCC_WARN_UNUSED_FUNCTION = YES;
				GCC_WARN_UNUSED_VARIABLE = YES;
				IPHONEOS_DEPLOYMENT_TARGET = 14.4;
				MTL_ENABLE_DEBUG_INFO = INCLUDE_SOURCE;
				MTL_FAST_MATH = YES;
				ONLY_ACTIVE_ARCH = YES;
				SDKROOT = iphoneos;
				SWIFT_ACTIVE_COMPILATION_CONDITIONS = DEBUG;
				SWIFT_OPTIMIZATION_LEVEL = "-Onone";
			};
			name = Debug;
		};
		3283546A26AE834A005214EF /* Release */ = {
			isa = XCBuildConfiguration;
			buildSettings = {
				ALWAYS_SEARCH_USER_PATHS = NO;
				CLANG_ANALYZER_NONNULL = YES;
				CLANG_ANALYZER_NUMBER_OBJECT_CONVERSION = YES_AGGRESSIVE;
				CLANG_CXX_LANGUAGE_STANDARD = "gnu++14";
				CLANG_CXX_LIBRARY = "libc++";
				CLANG_ENABLE_MODULES = YES;
				CLANG_ENABLE_OBJC_ARC = YES;
				CLANG_ENABLE_OBJC_WEAK = YES;
				CLANG_WARN_BLOCK_CAPTURE_AUTORELEASING = YES;
				CLANG_WARN_BOOL_CONVERSION = YES;
				CLANG_WARN_COMMA = YES;
				CLANG_WARN_CONSTANT_CONVERSION = YES;
				CLANG_WARN_DEPRECATED_OBJC_IMPLEMENTATIONS = YES;
				CLANG_WARN_DIRECT_OBJC_ISA_USAGE = YES_ERROR;
				CLANG_WARN_DOCUMENTATION_COMMENTS = YES;
				CLANG_WARN_EMPTY_BODY = YES;
				CLANG_WARN_ENUM_CONVERSION = YES;
				CLANG_WARN_INFINITE_RECURSION = YES;
				CLANG_WARN_INT_CONVERSION = YES;
				CLANG_WARN_NON_LITERAL_NULL_CONVERSION = YES;
				CLANG_WARN_OBJC_IMPLICIT_RETAIN_SELF = YES;
				CLANG_WARN_OBJC_LITERAL_CONVERSION = YES;
				CLANG_WARN_OBJC_ROOT_CLASS = YES_ERROR;
				CLANG_WARN_QUOTED_INCLUDE_IN_FRAMEWORK_HEADER = YES;
				CLANG_WARN_RANGE_LOOP_ANALYSIS = YES;
				CLANG_WARN_STRICT_PROTOTYPES = YES;
				CLANG_WARN_SUSPICIOUS_MOVE = YES;
				CLANG_WARN_UNGUARDED_AVAILABILITY = YES_AGGRESSIVE;
				CLANG_WARN_UNREACHABLE_CODE = YES;
				CLANG_WARN__DUPLICATE_METHOD_MATCH = YES;
				COPY_PHASE_STRIP = NO;
				DEBUG_INFORMATION_FORMAT = "dwarf-with-dsym";
				ENABLE_NS_ASSERTIONS = NO;
				ENABLE_STRICT_OBJC_MSGSEND = YES;
				GCC_C_LANGUAGE_STANDARD = gnu11;
				GCC_NO_COMMON_BLOCKS = YES;
				GCC_WARN_64_TO_32_BIT_CONVERSION = YES;
				GCC_WARN_ABOUT_RETURN_TYPE = YES_ERROR;
				GCC_WARN_UNDECLARED_SELECTOR = YES;
				GCC_WARN_UNINITIALIZED_AUTOS = YES_AGGRESSIVE;
				GCC_WARN_UNUSED_FUNCTION = YES;
				GCC_WARN_UNUSED_VARIABLE = YES;
				IPHONEOS_DEPLOYMENT_TARGET = 14.4;
				MTL_ENABLE_DEBUG_INFO = NO;
				MTL_FAST_MATH = YES;
				SDKROOT = iphoneos;
				SWIFT_COMPILATION_MODE = wholemodule;
				SWIFT_OPTIMIZATION_LEVEL = "-O";
				VALIDATE_PRODUCT = YES;
			};
			name = Release;
		};
		3283546C26AE834A005214EF /* Debug */ = {
			isa = XCBuildConfiguration;
			baseConfigurationReference = DE367F977E84DC33FB7EB979 /* Pods-Kanna_01.debug.xcconfig */;
			buildSettings = {
				ASSETCATALOG_COMPILER_APPICON_NAME = AppIcon;
				ASSETCATALOG_COMPILER_GLOBAL_ACCENT_COLOR_NAME = AccentColor;
				CODE_SIGN_STYLE = Automatic;
				INFOPLIST_FILE = Kanna_01/Info.plist;
				LD_RUNPATH_SEARCH_PATHS = (
					"$(inherited)",
					"@executable_path/Frameworks",
				);
				PRODUCT_BUNDLE_IDENTIFIER = "com.hyeji.Kanna-01";
				PRODUCT_NAME = "$(TARGET_NAME)";
				SWIFT_VERSION = 5.0;
				TARGETED_DEVICE_FAMILY = "1,2";
			};
			name = Debug;
		};
		3283546D26AE834A005214EF /* Release */ = {
			isa = XCBuildConfiguration;
			baseConfigurationReference = 0760E5D157B7B1BCC6B190E2 /* Pods-Kanna_01.release.xcconfig */;
			buildSettings = {
				ASSETCATALOG_COMPILER_APPICON_NAME = AppIcon;
				ASSETCATALOG_COMPILER_GLOBAL_ACCENT_COLOR_NAME = AccentColor;
				CODE_SIGN_STYLE = Automatic;
				INFOPLIST_FILE = Kanna_01/Info.plist;
				LD_RUNPATH_SEARCH_PATHS = (
					"$(inherited)",
					"@executable_path/Frameworks",
				);
				PRODUCT_BUNDLE_IDENTIFIER = "com.hyeji.Kanna-01";
				PRODUCT_NAME = "$(TARGET_NAME)";
				SWIFT_VERSION = 5.0;
				TARGETED_DEVICE_FAMILY = "1,2";
			};
			name = Release;
		};
/* End XCBuildConfiguration section */

/* Begin XCConfigurationList section */
		3283545226AE833F005214EF /* Build configuration list for PBXProject "Kanna_01" */ = {
			isa = XCConfigurationList;
			buildConfigurations = (
				3283546926AE834A005214EF /* Debug */,
				3283546A26AE834A005214EF /* Release */,
			);
			defaultConfigurationIsVisible = 0;
			defaultConfigurationName = Release;
		};
		3283546B26AE834A005214EF /* Build configuration list for PBXNativeTarget "Kanna_01" */ = {
			isa = XCConfigurationList;
			buildConfigurations = (
				3283546C26AE834A005214EF /* Debug */,
				3283546D26AE834A005214EF /* Release */,
			);
			defaultConfigurationIsVisible = 0;
			defaultConfigurationName = Release;
		};
/* End XCConfigurationList section */
	};
	rootObject = 3283544F26AE833F005214EF /* Project object */;
}
