// !$*UTF8*$!
{
	archiveVersion = 1;
	classes = {
	};
	objectVersion = 51;
	objects = {

/* Begin PBXBuildFile section */
		245D3D8DFBED91166B7F42AA /* Pods_Kanna_05.framework in Frameworks */ = {isa = PBXBuildFile; fileRef = 18EAB723C12FB61D877C9CFC /* Pods_Kanna_05.framework */; };
		701C2E5B26AEA09E00E92ED3 /* AppDelegate.swift in Sources */ = {isa = PBXBuildFile; fileRef = 701C2E5A26AEA09E00E92ED3 /* AppDelegate.swift */; };
		701C2E5D26AEA09E00E92ED3 /* SceneDelegate.swift in Sources */ = {isa = PBXBuildFile; fileRef = 701C2E5C26AEA09E00E92ED3 /* SceneDelegate.swift */; };
		701C2E6226AEA09E00E92ED3 /* Main.storyboard in Resources */ = {isa = PBXBuildFile; fileRef = 701C2E6026AEA09E00E92ED3 /* Main.storyboard */; };
		701C2E6426AEA09E00E92ED3 /* Assets.xcassets in Resources */ = {isa = PBXBuildFile; fileRef = 701C2E6326AEA09E00E92ED3 /* Assets.xcassets */; };
		701C2E6726AEA09E00E92ED3 /* LaunchScreen.storyboard in Resources */ = {isa = PBXBuildFile; fileRef = 701C2E6526AEA09E00E92ED3 /* LaunchScreen.storyboard */; };
		70A9DBF726AEA5EB0013939F /* TableViewController.swift in Sources */ = {isa = PBXBuildFile; fileRef = 70A9DBF626AEA5EB0013939F /* TableViewController.swift */; };
		70A9DBF926AEA68B0013939F /* DetailViewController.swift in Sources */ = {isa = PBXBuildFile; fileRef = 70A9DBF826AEA68B0013939F /* DetailViewController.swift */; };
/* End PBXBuildFile section */

/* Begin PBXFileReference section */
		18EAB723C12FB61D877C9CFC /* Pods_Kanna_05.framework */ = {isa = PBXFileReference; explicitFileType = wrapper.framework; includeInIndex = 0; path = Pods_Kanna_05.framework; sourceTree = BUILT_PRODUCTS_DIR; };
		701C2E5726AEA09E00E92ED3 /* Kanna_05.app */ = {isa = PBXFileReference; explicitFileType = wrapper.application; includeInIndex = 0; path = Kanna_05.app; sourceTree = BUILT_PRODUCTS_DIR; };
		701C2E5A26AEA09E00E92ED3 /* AppDelegate.swift */ = {isa = PBXFileReference; lastKnownFileType = sourcecode.swift; path = AppDelegate.swift; sourceTree = "<group>"; };
		701C2E5C26AEA09E00E92ED3 /* SceneDelegate.swift */ = {isa = PBXFileReference; lastKnownFileType = sourcecode.swift; path = SceneDelegate.swift; sourceTree = "<group>"; };
		701C2E6126AEA09E00E92ED3 /* Base */ = {isa = PBXFileReference; lastKnownFileType = file.storyboard; name = Base; path = Base.lproj/Main.storyboard; sourceTree = "<group>"; };
		701C2E6326AEA09E00E92ED3 /* Assets.xcassets */ = {isa = PBXFileReference; lastKnownFileType = folder.assetcatalog; path = Assets.xcassets; sourceTree = "<group>"; };
		701C2E6626AEA09E00E92ED3 /* Base */ = {isa = PBXFileReference; lastKnownFileType = file.storyboard; name = Base; path = Base.lproj/LaunchScreen.storyboard; sourceTree = "<group>"; };
		701C2E6826AEA09E00E92ED3 /* Info.plist */ = {isa = PBXFileReference; lastKnownFileType = text.plist.xml; path = Info.plist; sourceTree = "<group>"; };
		70A9DBF626AEA5EB0013939F /* TableViewController.swift */ = {isa = PBXFileReference; lastKnownFileType = sourcecode.swift; path = TableViewController.swift; sourceTree = "<group>"; };
		70A9DBF826AEA68B0013939F /* DetailViewController.swift */ = {isa = PBXFileReference; fileEncoding = 4; lastKnownFileType = sourcecode.swift; path = DetailViewController.swift; sourceTree = SOURCE_ROOT; };
		74BB07E32795C7D4402E8F53 /* Pods-Kanna_05.release.xcconfig */ = {isa = PBXFileReference; includeInIndex = 1; lastKnownFileType = text.xcconfig; name = "Pods-Kanna_05.release.xcconfig"; path = "Target Support Files/Pods-Kanna_05/Pods-Kanna_05.release.xcconfig"; sourceTree = "<group>"; };
		96497328042A8C6C47ADB48A /* Pods-Kanna_05.debug.xcconfig */ = {isa = PBXFileReference; includeInIndex = 1; lastKnownFileType = text.xcconfig; name = "Pods-Kanna_05.debug.xcconfig"; path = "Target Support Files/Pods-Kanna_05/Pods-Kanna_05.debug.xcconfig"; sourceTree = "<group>"; };
/* End PBXFileReference section */

/* Begin PBXFrameworksBuildPhase section */
		701C2E5426AEA09E00E92ED3 /* Frameworks */ = {
			isa = PBXFrameworksBuildPhase;
			buildActionMask = 2147483647;
			files = (
				245D3D8DFBED91166B7F42AA /* Pods_Kanna_05.framework in Frameworks */,
			);
			runOnlyForDeploymentPostprocessing = 0;
		};
/* End PBXFrameworksBuildPhase section */

/* Begin PBXGroup section */
		6ABE58A87687198F8098FA04 /* Frameworks */ = {
			isa = PBXGroup;
			children = (
				18EAB723C12FB61D877C9CFC /* Pods_Kanna_05.framework */,
			);
			name = Frameworks;
			sourceTree = "<group>";
		};
		701C2E4E26AEA09E00E92ED3 = {
			isa = PBXGroup;
			children = (
				701C2E5926AEA09E00E92ED3 /* Kanna_05 */,
				701C2E5826AEA09E00E92ED3 /* Products */,
				7685AAA3C6B92C95221AC70B /* Pods */,
				6ABE58A87687198F8098FA04 /* Frameworks */,
			);
			sourceTree = "<group>";
		};
		701C2E5826AEA09E00E92ED3 /* Products */ = {
			isa = PBXGroup;
			children = (
				701C2E5726AEA09E00E92ED3 /* Kanna_05.app */,
			);
			name = Products;
			sourceTree = "<group>";
		};
		701C2E5926AEA09E00E92ED3 /* Kanna_05 */ = {
			isa = PBXGroup;
			children = (
				701C2E5A26AEA09E00E92ED3 /* AppDelegate.swift */,
				701C2E5C26AEA09E00E92ED3 /* SceneDelegate.swift */,
				70A9DBF826AEA68B0013939F /* DetailViewController.swift */,
				70A9DBF626AEA5EB0013939F /* TableViewController.swift */,
				701C2E6026AEA09E00E92ED3 /* Main.storyboard */,
				701C2E6326AEA09E00E92ED3 /* Assets.xcassets */,
				701C2E6526AEA09E00E92ED3 /* LaunchScreen.storyboard */,
				701C2E6826AEA09E00E92ED3 /* Info.plist */,
			);
			path = Kanna_05;
			sourceTree = "<group>";
		};
		7685AAA3C6B92C95221AC70B /* Pods */ = {
			isa = PBXGroup;
			children = (
				96497328042A8C6C47ADB48A /* Pods-Kanna_05.debug.xcconfig */,
				74BB07E32795C7D4402E8F53 /* Pods-Kanna_05.release.xcconfig */,
			);
			path = Pods;
			sourceTree = "<group>";
		};
/* End PBXGroup section */

/* Begin PBXNativeTarget section */
		701C2E5626AEA09E00E92ED3 /* Kanna_05 */ = {
			isa = PBXNativeTarget;
			buildConfigurationList = 701C2E6B26AEA09E00E92ED3 /* Build configuration list for PBXNativeTarget "Kanna_05" */;
			buildPhases = (
				82D0697AE51D0A708FB28553 /* [CP] Check Pods Manifest.lock */,
				701C2E5326AEA09E00E92ED3 /* Sources */,
				701C2E5426AEA09E00E92ED3 /* Frameworks */,
				701C2E5526AEA09E00E92ED3 /* Resources */,
				C2812A60DEB80ADC01AD5EDF /* [CP] Embed Pods Frameworks */,
			);
			buildRules = (
			);
			dependencies = (
			);
			name = Kanna_05;
			productName = Kanna_05;
			productReference = 701C2E5726AEA09E00E92ED3 /* Kanna_05.app */;
			productType = "com.apple.product-type.application";
		};
/* End PBXNativeTarget section */

/* Begin PBXProject section */
		701C2E4F26AEA09E00E92ED3 /* Project object */ = {
			isa = PBXProject;
			attributes = {
				LastSwiftUpdateCheck = 1250;
				LastUpgradeCheck = 1250;
				TargetAttributes = {
					701C2E5626AEA09E00E92ED3 = {
						CreatedOnToolsVersion = 12.5.1;
					};
				};
			};
			buildConfigurationList = 701C2E5226AEA09E00E92ED3 /* Build configuration list for PBXProject "Kanna_05" */;
			compatibilityVersion = "Xcode 9.3";
			developmentRegion = en;
			hasScannedForEncodings = 0;
			knownRegions = (
				en,
				Base,
			);
			mainGroup = 701C2E4E26AEA09E00E92ED3;
			productRefGroup = 701C2E5826AEA09E00E92ED3 /* Products */;
			projectDirPath = "";
			projectRoot = "";
			targets = (
				701C2E5626AEA09E00E92ED3 /* Kanna_05 */,
			);
		};
/* End PBXProject section */

/* Begin PBXResourcesBuildPhase section */
		701C2E5526AEA09E00E92ED3 /* Resources */ = {
			isa = PBXResourcesBuildPhase;
			buildActionMask = 2147483647;
			files = (
				701C2E6726AEA09E00E92ED3 /* LaunchScreen.storyboard in Resources */,
				701C2E6426AEA09E00E92ED3 /* Assets.xcassets in Resources */,
				701C2E6226AEA09E00E92ED3 /* Main.storyboard in Resources */,
			);
			runOnlyForDeploymentPostprocessing = 0;
		};
/* End PBXResourcesBuildPhase section */

/* Begin PBXShellScriptBuildPhase section */
		82D0697AE51D0A708FB28553 /* [CP] Check Pods Manifest.lock */ = {
			isa = PBXShellScriptBuildPhase;
			buildActionMask = 2147483647;
			files = (
			);
			inputFileListPaths = (
			);
			inputPaths = (
				"${PODS_PODFILE_DIR_PATH}/Podfile.lock",
				"${PODS_ROOT}/Manifest.lock",
			);
			name = "[CP] Check Pods Manifest.lock";
			outputFileListPaths = (
			);
			outputPaths = (
				"$(DERIVED_FILE_DIR)/Pods-Kanna_05-checkManifestLockResult.txt",
			);
			runOnlyForDeploymentPostprocessing = 0;
			shellPath = /bin/sh;
			shellScript = "diff \"${PODS_PODFILE_DIR_PATH}/Podfile.lock\" \"${PODS_ROOT}/Manifest.lock\" > /dev/null\nif [ $? != 0 ] ; then\n    # print error to STDERR\n    echo \"error: The sandbox is not in sync with the Podfile.lock. Run 'pod install' or update your CocoaPods installation.\" >&2\n    exit 1\nfi\n# This output is used by Xcode 'outputs' to avoid re-running this script phase.\necho \"SUCCESS\" > \"${SCRIPT_OUTPUT_FILE_0}\"\n";
			showEnvVarsInLog = 0;
		};
		C2812A60DEB80ADC01AD5EDF /* [CP] Embed Pods Frameworks */ = {
			isa = PBXShellScriptBuildPhase;
			buildActionMask = 2147483647;
			files = (
			);
			inputFileListPaths = (
				"${PODS_ROOT}/Target Support Files/Pods-Kanna_05/Pods-Kanna_05-frameworks-${CONFIGURATION}-input-files.xcfilelist",
			);
			name = "[CP] Embed Pods Frameworks";
			outputFileListPaths = (
				"${PODS_ROOT}/Target Support Files/Pods-Kanna_05/Pods-Kanna_05-frameworks-${CONFIGURATION}-output-files.xcfilelist",
			);
			runOnlyForDeploymentPostprocessing = 0;
			shellPath = /bin/sh;
			shellScript = "\"${PODS_ROOT}/Target Support Files/Pods-Kanna_05/Pods-Kanna_05-frameworks.sh\"\n";
			showEnvVarsInLog = 0;
		};
/* End PBXShellScriptBuildPhase section */

/* Begin PBXSourcesBuildPhase section */
		701C2E5326AEA09E00E92ED3 /* Sources */ = {
			isa = PBXSourcesBuildPhase;
			buildActionMask = 2147483647;
			files = (
				701C2E5B26AEA09E00E92ED3 /* AppDelegate.swift in Sources */,
				70A9DBF926AEA68B0013939F /* DetailViewController.swift in Sources */,
				701C2E5D26AEA09E00E92ED3 /* SceneDelegate.swift in Sources */,
				70A9DBF726AEA5EB0013939F /* TableViewController.swift in Sources */,
			);
			runOnlyForDeploymentPostprocessing = 0;
		};
/* End PBXSourcesBuildPhase section */

/* Begin PBXVariantGroup section */
		701C2E6026AEA09E00E92ED3 /* Main.storyboard */ = {
			isa = PBXVariantGroup;
			children = (
				701C2E6126AEA09E00E92ED3 /* Base */,
			);
			name = Main.storyboard;
			sourceTree = "<group>";
		};
		701C2E6526AEA09E00E92ED3 /* LaunchScreen.storyboard */ = {
			isa = PBXVariantGroup;
			children = (
				701C2E6626AEA09E00E92ED3 /* Base */,
			);
			name = LaunchScreen.storyboard;
			sourceTree = "<group>";
		};
/* End PBXVariantGroup section */

/* Begin XCBuildConfiguration section */
		701C2E6926AEA09E00E92ED3 /* Debug */ = {
			isa = XCBuildConfiguration;
			buildSettings = {
				ALWAYS_SEARCH_USER_PATHS = NO;
				CLANG_ANALYZER_NONNULL = YES;
				CLANG_ANALYZER_NUMBER_OBJECT_CONVERSION = YES_AGGRESSIVE;
				CLANG_CXX_LANGUAGE_STANDARD = "gnu++14";
				CLANG_CXX_LIBRARY = "libc++";
				CLANG_ENABLE_MODULES = YES;
				CLANG_ENABLE_OBJC_ARC = YES;
				CLANG_ENABLE_OBJC_WEAK = YES;
				CLANG_WARN_BLOCK_CAPTURE_AUTORELEASING = YES;
				CLANG_WARN_BOOL_CONVERSION = YES;
				CLANG_WARN_COMMA = YES;
				CLANG_WARN_CONSTANT_CONVERSION = YES;
				CLANG_WARN_DEPRECATED_OBJC_IMPLEMENTATIONS = YES;
				CLANG_WARN_DIRECT_OBJC_ISA_USAGE = YES_ERROR;
				CLANG_WARN_DOCUMENTATION_COMMENTS = YES;
				CLANG_WARN_EMPTY_BODY = YES;
				CLANG_WARN_ENUM_CONVERSION = YES;
				CLANG_WARN_INFINITE_RECURSION = YES;
				CLANG_WARN_INT_CONVERSION = YES;
				CLANG_WARN_NON_LITERAL_NULL_CONVERSION = YES;
				CLANG_WARN_OBJC_IMPLICIT_RETAIN_SELF = YES;
				CLANG_WARN_OBJC_LITERAL_CONVERSION = YES;
				CLANG_WARN_OBJC_ROOT_CLASS = YES_ERROR;
				CLANG_WARN_QUOTED_INCLUDE_IN_FRAMEWORK_HEADER = YES;
				CLANG_WARN_RANGE_LOOP_ANALYSIS = YES;
				CLANG_WARN_STRICT_PROTOTYPES = YES;
				CLANG_WARN_SUSPICIOUS_MOVE = YES;
				CLANG_WARN_UNGUARDED_AVAILABILITY = YES_AGGRESSIVE;
				CLANG_WARN_UNREACHABLE_CODE = YES;
				CLANG_WARN__DUPLICATE_METHOD_MATCH = YES;
				COPY_PHASE_STRIP = NO;
				DEBUG_INFORMATION_FORMAT = dwarf;
				ENABLE_STRICT_OBJC_MSGSEND = YES;
				ENABLE_TESTABILITY = YES;
				GCC_C_LANGUAGE_STANDARD = gnu11;
				GCC_DYNAMIC_NO_PIC = NO;
				GCC_NO_COMMON_BLOCKS = YES;
				GCC_OPTIMIZATION_LEVEL = 0;
				GCC_PREPROCESSOR_DEFINITIONS = (
					"DEBUG=1",
					"$(inherited)",
				);
				GCC_WARN_64_TO_32_BIT_CONVERSION = YES;
				GCC_WARN_ABOUT_RETURN_TYPE = YES_ERROR;
				GCC_WARN_UNDECLARED_SELECTOR = YES;
				GCC_WARN_UNINITIALIZED_AUTOS = YES_AGGRESSIVE;
				GCC_WARN_UNUSED_FUNCTION = YES;
				GCC_WARN_UNUSED_VARIABLE = YES;
				IPHONEOS_DEPLOYMENT_TARGET = 14.5;
				MTL_ENABLE_DEBUG_INFO = INCLUDE_SOURCE;
				MTL_FAST_MATH = YES;
				ONLY_ACTIVE_ARCH = YES;
				SDKROOT = iphoneos;
				SWIFT_ACTIVE_COMPILATION_CONDITIONS = DEBUG;
				SWIFT_OPTIMIZATION_LEVEL = "-Onone";
			};
			name = Debug;
		};
		701C2E6A26AEA09E00E92ED3 /* Release */ = {
			isa = XCBuildConfiguration;
			buildSettings = {
				ALWAYS_SEARCH_USER_PATHS = NO;
				CLANG_ANALYZER_NONNULL = YES;
				CLANG_ANALYZER_NUMBER_OBJECT_CONVERSION = YES_AGGRESSIVE;
				CLANG_CXX_LANGUAGE_STANDARD = "gnu++14";
				CLANG_CXX_LIBRARY = "libc++";
				CLANG_ENABLE_MODULES = YES;
				CLANG_ENABLE_OBJC_ARC = YES;
				CLANG_ENABLE_OBJC_WEAK = YES;
				CLANG_WARN_BLOCK_CAPTURE_AUTORELEASING = YES;
				CLANG_WARN_BOOL_CONVERSION = YES;
				CLANG_WARN_COMMA = YES;
				CLANG_WARN_CONSTANT_CONVERSION = YES;
				CLANG_WARN_DEPRECATED_OBJC_IMPLEMENTATIONS = YES;
				CLANG_WARN_DIRECT_OBJC_ISA_USAGE = YES_ERROR;
				CLANG_WARN_DOCUMENTATION_COMMENTS = YES;
				CLANG_WARN_EMPTY_BODY = YES;
				CLANG_WARN_ENUM_CONVERSION = YES;
				CLANG_WARN_INFINITE_RECURSION = YES;
				CLANG_WARN_INT_CONVERSION = YES;
				CLANG_WARN_NON_LITERAL_NULL_CONVERSION = YES;
				CLANG_WARN_OBJC_IMPLICIT_RETAIN_SELF = YES;
				CLANG_WARN_OBJC_LITERAL_CONVERSION = YES;
				CLANG_WARN_OBJC_ROOT_CLASS = YES_ERROR;
				CLANG_WARN_QUOTED_INCLUDE_IN_FRAMEWORK_HEADER = YES;
				CLANG_WARN_RANGE_LOOP_ANALYSIS = YES;
				CLANG_WARN_STRICT_PROTOTYPES = YES;
				CLANG_WARN_SUSPICIOUS_MOVE = YES;
				CLANG_WARN_UNGUARDED_AVAILABILITY = YES_AGGRESSIVE;
				CLANG_WARN_UNREACHABLE_CODE = YES;
				CLANG_WARN__DUPLICATE_METHOD_MATCH = YES;
				COPY_PHASE_STRIP = NO;
				DEBUG_INFORMATION_FORMAT = "dwarf-with-dsym";
				ENABLE_NS_ASSERTIONS = NO;
				ENABLE_STRICT_OBJC_MSGSEND = YES;
				GCC_C_LANGUAGE_STANDARD = gnu11;
				GCC_NO_COMMON_BLOCKS = YES;
				GCC_WARN_64_TO_32_BIT_CONVERSION = YES;
				GCC_WARN_ABOUT_RETURN_TYPE = YES_ERROR;
				GCC_WARN_UNDECLARED_SELECTOR = YES;
				GCC_WARN_UNINITIALIZED_AUTOS = YES_AGGRESSIVE;
				GCC_WARN_UNUSED_FUNCTION = YES;
				GCC_WARN_UNUSED_VARIABLE = YES;
				IPHONEOS_DEPLOYMENT_TARGET = 14.5;
				MTL_ENABLE_DEBUG_INFO = NO;
				MTL_FAST_MATH = YES;
				SDKROOT = iphoneos;
				SWIFT_COMPILATION_MODE = wholemodule;
				SWIFT_OPTIMIZATION_LEVEL = "-O";
				VALIDATE_PRODUCT = YES;
			};
			name = Release;
		};
		701C2E6C26AEA09E00E92ED3 /* Debug */ = {
			isa = XCBuildConfiguration;
			baseConfigurationReference = 96497328042A8C6C47ADB48A /* Pods-Kanna_05.debug.xcconfig */;
			buildSettings = {
				ASSETCATALOG_COMPILER_APPICON_NAME = AppIcon;
				ASSETCATALOG_COMPILER_GLOBAL_ACCENT_COLOR_NAME = AccentColor;
				CODE_SIGN_STYLE = Automatic;
				INFOPLIST_FILE = Kanna_05/Info.plist;
				LD_RUNPATH_SEARCH_PATHS = (
					"$(inherited)",
					"@executable_path/Frameworks",
				);
				PRODUCT_BUNDLE_IDENTIFIER = "com.swiftLec.base.Kanna-05";
				PRODUCT_NAME = "$(TARGET_NAME)";
				SWIFT_VERSION = 5.0;
				TARGETED_DEVICE_FAMILY = "1,2";
			};
			name = Debug;
		};
		701C2E6D26AEA09E00E92ED3 /* Release */ = {
			isa = XCBuildConfiguration;
			baseConfigurationReference = 74BB07E32795C7D4402E8F53 /* Pods-Kanna_05.release.xcconfig */;
			buildSettings = {
				ASSETCATALOG_COMPILER_APPICON_NAME = AppIcon;
				ASSETCATALOG_COMPILER_GLOBAL_ACCENT_COLOR_NAME = AccentColor;
				CODE_SIGN_STYLE = Automatic;
				INFOPLIST_FILE = Kanna_05/Info.plist;
				LD_RUNPATH_SEARCH_PATHS = (
					"$(inherited)",
					"@executable_path/Frameworks",
				);
				PRODUCT_BUNDLE_IDENTIFIER = "com.swiftLec.base.Kanna-05";
				PRODUCT_NAME = "$(TARGET_NAME)";
				SWIFT_VERSION = 5.0;
				TARGETED_DEVICE_FAMILY = "1,2";
			};
			name = Release;
		};
/* End XCBuildConfiguration section */

/* Begin XCConfigurationList section */
		701C2E5226AEA09E00E92ED3 /* Build configuration list for PBXProject "Kanna_05" */ = {
			isa = XCConfigurationList;
			buildConfigurations = (
				701C2E6926AEA09E00E92ED3 /* Debug */,
				701C2E6A26AEA09E00E92ED3 /* Release */,
			);
			defaultConfigurationIsVisible = 0;
			defaultConfigurationName = Release;
		};
		701C2E6B26AEA09E00E92ED3 /* Build configuration list for PBXNativeTarget "Kanna_05" */ = {
			isa = XCConfigurationList;
			buildConfigurations = (
				701C2E6C26AEA09E00E92ED3 /* Debug */,
				701C2E6D26AEA09E00E92ED3 /* Release */,
			);
			defaultConfigurationIsVisible = 0;
			defaultConfigurationName = Release;
		};
/* End XCConfigurationList section */
	};
	rootObject = 701C2E4F26AEA09E00E92ED3 /* Project object */;
}
