// !$*UTF8*$!
{
	archiveVersion = 1;
	classes = {
	};
	objectVersion = 50;
	objects = {

/* Begin PBXBuildFile section */
		702A30E626AFFE9B003313EF /* AppDelegate.swift in Sources */ = {isa = PBXBuildFile; fileRef = 702A30E526AFFE9B003313EF /* AppDelegate.swift */; };
		702A30E826AFFE9B003313EF /* SceneDelegate.swift in Sources */ = {isa = PBXBuildFile; fileRef = 702A30E726AFFE9B003313EF /* SceneDelegate.swift */; };
		702A30ED26AFFE9B003313EF /* Main.storyboard in Resources */ = {isa = PBXBuildFile; fileRef = 702A30EB26AFFE9B003313EF /* Main.storyboard */; };
		702A30EF26AFFE9B003313EF /* Assets.xcassets in Resources */ = {isa = PBXBuildFile; fileRef = 702A30EE26AFFE9B003313EF /* Assets.xcassets */; };
		702A30F226AFFE9B003313EF /* LaunchScreen.storyboard in Resources */ = {isa = PBXBuildFile; fileRef = 702A30F026AFFE9B003313EF /* LaunchScreen.storyboard */; };
		702A30FA26AFFEB8003313EF /* TableViewController.swift in Sources */ = {isa = PBXBuildFile; fileRef = 702A30F926AFFEB8003313EF /* TableViewController.swift */; };
		702A30FC26AFFF9D003313EF /* DBModel.swift in Sources */ = {isa = PBXBuildFile; fileRef = 702A30FB26AFFF9D003313EF /* DBModel.swift */; };
		702A30FE26B000A3003313EF /* JsonModel.swift in Sources */ = {isa = PBXBuildFile; fileRef = 702A30FD26B000A3003313EF /* JsonModel.swift */; };
/* End PBXBuildFile section */

/* Begin PBXFileReference section */
		702A30E226AFFE9B003313EF /* ServerJson_01.app */ = {isa = PBXFileReference; explicitFileType = wrapper.application; includeInIndex = 0; path = ServerJson_01.app; sourceTree = BUILT_PRODUCTS_DIR; };
		702A30E526AFFE9B003313EF /* AppDelegate.swift */ = {isa = PBXFileReference; lastKnownFileType = sourcecode.swift; path = AppDelegate.swift; sourceTree = "<group>"; };
		702A30E726AFFE9B003313EF /* SceneDelegate.swift */ = {isa = PBXFileReference; lastKnownFileType = sourcecode.swift; path = SceneDelegate.swift; sourceTree = "<group>"; };
		702A30EC26AFFE9B003313EF /* Base */ = {isa = PBXFileReference; lastKnownFileType = file.storyboard; name = Base; path = Base.lproj/Main.storyboard; sourceTree = "<group>"; };
		702A30EE26AFFE9B003313EF /* Assets.xcassets */ = {isa = PBXFileReference; lastKnownFileType = folder.assetcatalog; path = Assets.xcassets; sourceTree = "<group>"; };
		702A30F126AFFE9B003313EF /* Base */ = {isa = PBXFileReference; lastKnownFileType = file.storyboard; name = Base; path = Base.lproj/LaunchScreen.storyboard; sourceTree = "<group>"; };
		702A30F326AFFE9B003313EF /* Info.plist */ = {isa = PBXFileReference; lastKnownFileType = text.plist.xml; path = Info.plist; sourceTree = "<group>"; };
		702A30F926AFFEB8003313EF /* TableViewController.swift */ = {isa = PBXFileReference; lastKnownFileType = sourcecode.swift; path = TableViewController.swift; sourceTree = "<group>"; };
		702A30FB26AFFF9D003313EF /* DBModel.swift */ = {isa = PBXFileReference; lastKnownFileType = sourcecode.swift; path = DBModel.swift; sourceTree = "<group>"; };
		702A30FD26B000A3003313EF /* JsonModel.swift */ = {isa = PBXFileReference; lastKnownFileType = sourcecode.swift; path = JsonModel.swift; sourceTree = "<group>"; };
/* End PBXFileReference section */

/* Begin PBXFrameworksBuildPhase section */
		702A30DF26AFFE9B003313EF /* Frameworks */ = {
			isa = PBXFrameworksBuildPhase;
			buildActionMask = 2147483647;
			files = (
			);
			runOnlyForDeploymentPostprocessing = 0;
		};
/* End PBXFrameworksBuildPhase section */

/* Begin PBXGroup section */
		702A30D926AFFE9B003313EF = {
			isa = PBXGroup;
			children = (
				702A30E426AFFE9B003313EF /* ServerJson_01 */,
				702A30E326AFFE9B003313EF /* Products */,
			);
			sourceTree = "<group>";
		};
		702A30E326AFFE9B003313EF /* Products */ = {
			isa = PBXGroup;
			children = (
				702A30E226AFFE9B003313EF /* ServerJson_01.app */,
			);
			name = Products;
			sourceTree = "<group>";
		};
		702A30E426AFFE9B003313EF /* ServerJson_01 */ = {
			isa = PBXGroup;
			children = (
				702A30E526AFFE9B003313EF /* AppDelegate.swift */,
				702A30E726AFFE9B003313EF /* SceneDelegate.swift */,
				702A30F926AFFEB8003313EF /* TableViewController.swift */,
				702A30EB26AFFE9B003313EF /* Main.storyboard */,
				702A30EE26AFFE9B003313EF /* Assets.xcassets */,
				702A30F026AFFE9B003313EF /* LaunchScreen.storyboard */,
				702A30F326AFFE9B003313EF /* Info.plist */,
				702A30FB26AFFF9D003313EF /* DBModel.swift */,
				702A30FD26B000A3003313EF /* JsonModel.swift */,
			);
			path = ServerJson_01;
			sourceTree = "<group>";
		};
/* End PBXGroup section */

/* Begin PBXNativeTarget section */
		702A30E126AFFE9B003313EF /* ServerJson_01 */ = {
			isa = PBXNativeTarget;
			buildConfigurationList = 702A30F626AFFE9B003313EF /* Build configuration list for PBXNativeTarget "ServerJson_01" */;
			buildPhases = (
				702A30DE26AFFE9B003313EF /* Sources */,
				702A30DF26AFFE9B003313EF /* Frameworks */,
				702A30E026AFFE9B003313EF /* Resources */,
			);
			buildRules = (
			);
			dependencies = (
			);
			name = ServerJson_01;
			productName = ServerJson_01;
			productReference = 702A30E226AFFE9B003313EF /* ServerJson_01.app */;
			productType = "com.apple.product-type.application";
		};
/* End PBXNativeTarget section */

/* Begin PBXProject section */
		702A30DA26AFFE9B003313EF /* Project object */ = {
			isa = PBXProject;
			attributes = {
				LastSwiftUpdateCheck = 1250;
				LastUpgradeCheck = 1250;
				TargetAttributes = {
					702A30E126AFFE9B003313EF = {
						CreatedOnToolsVersion = 12.5.1;
					};
				};
			};
			buildConfigurationList = 702A30DD26AFFE9B003313EF /* Build configuration list for PBXProject "ServerJson_01" */;
			compatibilityVersion = "Xcode 9.3";
			developmentRegion = en;
			hasScannedForEncodings = 0;
			knownRegions = (
				en,
				Base,
			);
			mainGroup = 702A30D926AFFE9B003313EF;
			productRefGroup = 702A30E326AFFE9B003313EF /* Products */;
			projectDirPath = "";
			projectRoot = "";
			targets = (
				702A30E126AFFE9B003313EF /* ServerJson_01 */,
			);
		};
/* End PBXProject section */

/* Begin PBXResourcesBuildPhase section */
		702A30E026AFFE9B003313EF /* Resources */ = {
			isa = PBXResourcesBuildPhase;
			buildActionMask = 2147483647;
			files = (
				702A30F226AFFE9B003313EF /* LaunchScreen.storyboard in Resources */,
				702A30EF26AFFE9B003313EF /* Assets.xcassets in Resources */,
				702A30ED26AFFE9B003313EF /* Main.storyboard in Resources */,
			);
			runOnlyForDeploymentPostprocessing = 0;
		};
/* End PBXResourcesBuildPhase section */

/* Begin PBXSourcesBuildPhase section */
		702A30DE26AFFE9B003313EF /* Sources */ = {
			isa = PBXSourcesBuildPhase;
			buildActionMask = 2147483647;
			files = (
				702A30FE26B000A3003313EF /* JsonModel.swift in Sources */,
				702A30E626AFFE9B003313EF /* AppDelegate.swift in Sources */,
				702A30E826AFFE9B003313EF /* SceneDelegate.swift in Sources */,
				702A30FA26AFFEB8003313EF /* TableViewController.swift in Sources */,
				702A30FC26AFFF9D003313EF /* DBModel.swift in Sources */,
			);
			runOnlyForDeploymentPostprocessing = 0;
		};
/* End PBXSourcesBuildPhase section */

/* Begin PBXVariantGroup section */
		702A30EB26AFFE9B003313EF /* Main.storyboard */ = {
			isa = PBXVariantGroup;
			children = (
				702A30EC26AFFE9B003313EF /* Base */,
			);
			name = Main.storyboard;
			sourceTree = "<group>";
		};
		702A30F026AFFE9B003313EF /* LaunchScreen.storyboard */ = {
			isa = PBXVariantGroup;
			children = (
				702A30F126AFFE9B003313EF /* Base */,
			);
			name = LaunchScreen.storyboard;
			sourceTree = "<group>";
		};
/* End PBXVariantGroup section */

/* Begin XCBuildConfiguration section */
		702A30F426AFFE9B003313EF /* Debug */ = {
			isa = XCBuildConfiguration;
			buildSettings = {
				ALWAYS_SEARCH_USER_PATHS = NO;
				CLANG_ANALYZER_NONNULL = YES;
				CLANG_ANALYZER_NUMBER_OBJECT_CONVERSION = YES_AGGRESSIVE;
				CLANG_CXX_LANGUAGE_STANDARD = "gnu++14";
				CLANG_CXX_LIBRARY = "libc++";
				CLANG_ENABLE_MODULES = YES;
				CLANG_ENABLE_OBJC_ARC = YES;
				CLANG_ENABLE_OBJC_WEAK = YES;
				CLANG_WARN_BLOCK_CAPTURE_AUTORELEASING = YES;
				CLANG_WARN_BOOL_CONVERSION = YES;
				CLANG_WARN_COMMA = YES;
				CLANG_WARN_CONSTANT_CONVERSION = YES;
				CLANG_WARN_DEPRECATED_OBJC_IMPLEMENTATIONS = YES;
				CLANG_WARN_DIRECT_OBJC_ISA_USAGE = YES_ERROR;
				CLANG_WARN_DOCUMENTATION_COMMENTS = YES;
				CLANG_WARN_EMPTY_BODY = YES;
				CLANG_WARN_ENUM_CONVERSION = YES;
				CLANG_WARN_INFINITE_RECURSION = YES;
				CLANG_WARN_INT_CONVERSION = YES;
				CLANG_WARN_NON_LITERAL_NULL_CONVERSION = YES;
				CLANG_WARN_OBJC_IMPLICIT_RETAIN_SELF = YES;
				CLANG_WARN_OBJC_LITERAL_CONVERSION = YES;
				CLANG_WARN_OBJC_ROOT_CLASS = YES_ERROR;
				CLANG_WARN_QUOTED_INCLUDE_IN_FRAMEWORK_HEADER = YES;
				CLANG_WARN_RANGE_LOOP_ANALYSIS = YES;
				CLANG_WARN_STRICT_PROTOTYPES = YES;
				CLANG_WARN_SUSPICIOUS_MOVE = YES;
				CLANG_WARN_UNGUARDED_AVAILABILITY = YES_AGGRESSIVE;
				CLANG_WARN_UNREACHABLE_CODE = YES;
				CLANG_WARN__DUPLICATE_METHOD_MATCH = YES;
				COPY_PHASE_STRIP = NO;
				DEBUG_INFORMATION_FORMAT = dwarf;
				ENABLE_STRICT_OBJC_MSGSEND = YES;
				ENABLE_TESTABILITY = YES;
				GCC_C_LANGUAGE_STANDARD = gnu11;
				GCC_DYNAMIC_NO_PIC = NO;
				GCC_NO_COMMON_BLOCKS = YES;
				GCC_OPTIMIZATION_LEVEL = 0;
				GCC_PREPROCESSOR_DEFINITIONS = (
					"DEBUG=1",
					"$(inherited)",
				);
				GCC_WARN_64_TO_32_BIT_CONVERSION = YES;
				GCC_WARN_ABOUT_RETURN_TYPE = YES_ERROR;
				GCC_WARN_UNDECLARED_SELECTOR = YES;
				GCC_WARN_UNINITIALIZED_AUTOS = YES_AGGRESSIVE;
				GCC_WARN_UNUSED_FUNCTION = YES;
				GCC_WARN_UNUSED_VARIABLE = YES;
				IPHONEOS_DEPLOYMENT_TARGET = 14.5;
				MTL_ENABLE_DEBUG_INFO = INCLUDE_SOURCE;
				MTL_FAST_MATH = YES;
				ONLY_ACTIVE_ARCH = YES;
				SDKROOT = iphoneos;
				SWIFT_ACTIVE_COMPILATION_CONDITIONS = DEBUG;
				SWIFT_OPTIMIZATION_LEVEL = "-Onone";
			};
			name = Debug;
		};
		702A30F526AFFE9B003313EF /* Release */ = {
			isa = XCBuildConfiguration;
			buildSettings = {
				ALWAYS_SEARCH_USER_PATHS = NO;
				CLANG_ANALYZER_NONNULL = YES;
				CLANG_ANALYZER_NUMBER_OBJECT_CONVERSION = YES_AGGRESSIVE;
				CLANG_CXX_LANGUAGE_STANDARD = "gnu++14";
				CLANG_CXX_LIBRARY = "libc++";
				CLANG_ENABLE_MODULES = YES;
				CLANG_ENABLE_OBJC_ARC = YES;
				CLANG_ENABLE_OBJC_WEAK = YES;
				CLANG_WARN_BLOCK_CAPTURE_AUTORELEASING = YES;
				CLANG_WARN_BOOL_CONVERSION = YES;
				CLANG_WARN_COMMA = YES;
				CLANG_WARN_CONSTANT_CONVERSION = YES;
				CLANG_WARN_DEPRECATED_OBJC_IMPLEMENTATIONS = YES;
				CLANG_WARN_DIRECT_OBJC_ISA_USAGE = YES_ERROR;
				CLANG_WARN_DOCUMENTATION_COMMENTS = YES;
				CLANG_WARN_EMPTY_BODY = YES;
				CLANG_WARN_ENUM_CONVERSION = YES;
				CLANG_WARN_INFINITE_RECURSION = YES;
				CLANG_WARN_INT_CONVERSION = YES;
				CLANG_WARN_NON_LITERAL_NULL_CONVERSION = YES;
				CLANG_WARN_OBJC_IMPLICIT_RETAIN_SELF = YES;
				CLANG_WARN_OBJC_LITERAL_CONVERSION = YES;
				CLANG_WARN_OBJC_ROOT_CLASS = YES_ERROR;
				CLANG_WARN_QUOTED_INCLUDE_IN_FRAMEWORK_HEADER = YES;
				CLANG_WARN_RANGE_LOOP_ANALYSIS = YES;
				CLANG_WARN_STRICT_PROTOTYPES = YES;
				CLANG_WARN_SUSPICIOUS_MOVE = YES;
				CLANG_WARN_UNGUARDED_AVAILABILITY = YES_AGGRESSIVE;
				CLANG_WARN_UNREACHABLE_CODE = YES;
				CLANG_WARN__DUPLICATE_METHOD_MATCH = YES;
				COPY_PHASE_STRIP = NO;
				DEBUG_INFORMATION_FORMAT = "dwarf-with-dsym";
				ENABLE_NS_ASSERTIONS = NO;
				ENABLE_STRICT_OBJC_MSGSEND = YES;
				GCC_C_LANGUAGE_STANDARD = gnu11;
				GCC_NO_COMMON_BLOCKS = YES;
				GCC_WARN_64_TO_32_BIT_CONVERSION = YES;
				GCC_WARN_ABOUT_RETURN_TYPE = YES_ERROR;
				GCC_WARN_UNDECLARED_SELECTOR = YES;
				GCC_WARN_UNINITIALIZED_AUTOS = YES_AGGRESSIVE;
				GCC_WARN_UNUSED_FUNCTION = YES;
				GCC_WARN_UNUSED_VARIABLE = YES;
				IPHONEOS_DEPLOYMENT_TARGET = 14.5;
				MTL_ENABLE_DEBUG_INFO = NO;
				MTL_FAST_MATH = YES;
				SDKROOT = iphoneos;
				SWIFT_COMPILATION_MODE = wholemodule;
				SWIFT_OPTIMIZATION_LEVEL = "-O";
				VALIDATE_PRODUCT = YES;
			};
			name = Release;
		};
		702A30F726AFFE9B003313EF /* Debug */ = {
			isa = XCBuildConfiguration;
			buildSettings = {
				ASSETCATALOG_COMPILER_APPICON_NAME = AppIcon;
				ASSETCATALOG_COMPILER_GLOBAL_ACCENT_COLOR_NAME = AccentColor;
				CODE_SIGN_STYLE = Automatic;
				INFOPLIST_FILE = ServerJson_01/Info.plist;
				LD_RUNPATH_SEARCH_PATHS = (
					"$(inherited)",
					"@executable_path/Frameworks",
				);
				PRODUCT_BUNDLE_IDENTIFIER = "com.swiftLec.base.ServerJson-01";
				PRODUCT_NAME = "$(TARGET_NAME)";
				SWIFT_VERSION = 5.0;
				TARGETED_DEVICE_FAMILY = "1,2";
			};
			name = Debug;
		};
		702A30F826AFFE9B003313EF /* Release */ = {
			isa = XCBuildConfiguration;
			buildSettings = {
				ASSETCATALOG_COMPILER_APPICON_NAME = AppIcon;
				ASSETCATALOG_COMPILER_GLOBAL_ACCENT_COLOR_NAME = AccentColor;
				CODE_SIGN_STYLE = Automatic;
				INFOPLIST_FILE = ServerJson_01/Info.plist;
				LD_RUNPATH_SEARCH_PATHS = (
					"$(inherited)",
					"@executable_path/Frameworks",
				);
				PRODUCT_BUNDLE_IDENTIFIER = "com.swiftLec.base.ServerJson-01";
				PRODUCT_NAME = "$(TARGET_NAME)";
				SWIFT_VERSION = 5.0;
				TARGETED_DEVICE_FAMILY = "1,2";
			};
			name = Release;
		};
/* End XCBuildConfiguration section */

/* Begin XCConfigurationList section */
		702A30DD26AFFE9B003313EF /* Build configuration list for PBXProject "ServerJson_01" */ = {
			isa = XCConfigurationList;
			buildConfigurations = (
				702A30F426AFFE9B003313EF /* Debug */,
				702A30F526AFFE9B003313EF /* Release */,
			);
			defaultConfigurationIsVisible = 0;
			defaultConfigurationName = Release;
		};
		702A30F626AFFE9B003313EF /* Build configuration list for PBXNativeTarget "ServerJson_01" */ = {
			isa = XCConfigurationList;
			buildConfigurations = (
				702A30F726AFFE9B003313EF /* Debug */,
				702A30F826AFFE9B003313EF /* Release */,
			);
			defaultConfigurationIsVisible = 0;
			defaultConfigurationName = Release;
		};
/* End XCConfigurationList section */
	};
	rootObject = 702A30DA26AFFE9B003313EF /* Project object */;
}
